<?xml version="1.0" encoding="utf-8"?>
<Project ToolsVersion="4.0" xmlns="http://schemas.microsoft.com/developer/msbuild/2003">
  <ItemGroup>
    <Filter Include="Source Files">
      <UniqueIdentifier>{4FC737F1-C7A5-4376-A066-2A32D752A2FF}</UniqueIdentifier>
      <Extensions>cpp;c;cc;cxx;def;odl;idl;hpj;bat;asm;asmx</Extensions>
    </Filter>
    <Filter Include="Header Files">
      <UniqueIdentifier>{93995380-89BD-4b04-88EB-625FBE52EBFB}</UniqueIdentifier>
      <Extensions>h;hpp;hxx;hm;inl;inc;xsd</Extensions>
    </Filter>
    <Filter Include="HDK">
      <UniqueIdentifier>{4fc002ab-a9b7-4cd9-a7e3-03b0d28c0711}</UniqueIdentifier>
    </Filter>
  </ItemGroup>
  <ItemGroup>
    <ClInclude Include="hdk\hdk_include.h">
      <Filter>HDK</Filter>
    </ClInclude>
    <ClInclude Include="src\stdafx.h">
      <Filter>Header Files</Filter>
    </ClInclude>
    <ClInclude Include="src\mnetwork\MN_Format.h">
      <Filter>Header Files</Filter>
    </ClInclude>
    <ClInclude Include="src\mnetwork\stdafx.h">
      <Filter>Header Files</Filter>
    </ClInclude>
    <ClInclude Include="src\mnetwork\MN_WriteMessage.h">
      <Filter>Header Files</Filter>
    </ClInclude>
    <ClInclude Include="src\mnetwork\MN_Message.h">
      <Filter>Header Files</Filter>
    </ClInclude>
    <ClInclude Include="src\mnetwork\MN_Packet.h">
      <Filter>Header Files</Filter>
    </ClInclude>
    <ClInclude Include="src\mcommon2\MC_HybridArray.h">
      <Filter>Header Files</Filter>
    </ClInclude>
    <ClInclude Include="src\mcommon2\stdafx.h">
      <Filter>Header Files</Filter>
    </ClInclude>
    <ClInclude Include="src\mmassgate\MMG_Protocols.h">
      <Filter>Header Files</Filter>
    </ClInclude>
    <ClInclude Include="src\mmassgate\stdafx.h">
      <Filter>Header Files</Filter>
    </ClInclude>
    <ClInclude Include="src\mrender\MR_RenderD3D10.h">
      <Filter>Header Files</Filter>
    </ClInclude>
    <ClInclude Include="src\mrender\stdafx.h">
      <Filter>Header Files</Filter>
    </ClInclude>
    <ClInclude Include="src\mrender\MR_Render.h">
      <Filter>Header Files</Filter>
    </ClInclude>
    <ClInclude Include="src\mcommon2\MC_Vector2.h">
      <Filter>Header Files</Filter>
    </ClInclude>
    <ClInclude Include="src\mcommon2\MC_Vector3.h">
      <Filter>Header Files</Filter>
    </ClInclude>
    <ClInclude Include="src\mcommon2\MC_Vector4.h">
      <Filter>Header Files</Filter>
    </ClInclude>
    <ClInclude Include="src\mmassgate\MMG_ICipher.h">
      <Filter>Header Files</Filter>
    </ClInclude>
    <ClInclude Include="src\mmassgate\MMG_BlockTEA.h">
      <Filter>Header Files</Filter>
    </ClInclude>
    <ClInclude Include="src\mmassgate\MMG_CryptoHash.h">
      <Filter>Header Files</Filter>
    </ClInclude>
    <ClInclude Include="src\mrender\MR_VertexShader.h">
      <Filter>Header Files</Filter>
    </ClInclude>
    <ClInclude Include="src\mcommon2\MC_Mem.h">
      <Filter>Header Files</Filter>
    </ClInclude>
    <ClInclude Include="src\mmassgate\MMG_CdKey.h">
      <Filter>Header Files</Filter>
    </ClInclude>
    <ClInclude Include="src\mnetwork\MN_NetRequester.h">
      <Filter>Header Files</Filter>
    </ClInclude>
    <ClInclude Include="src\mnetwork\MN_INetHandler.h">
      <Filter>Header Files</Filter>
    </ClInclude>
    <ClInclude Include="src\mmassgate\MMG_BitStream.h">
      <Filter>Header Files</Filter>
    </ClInclude>
    <ClInclude Include="src\mmassgate\MMG_Tiger.h">
      <Filter>Header Files</Filter>
    </ClInclude>
    <ClInclude Include="src\mcommon2\MF_File.h">
      <Filter>Header Files</Filter>
    </ClInclude>
    <ClInclude Include="src\ex_common\WICO_DebugView.h">
      <Filter>Header Files</Filter>
    </ClInclude>
    <ClInclude Include="src\ex_common\stdafx.h">
      <Filter>Header Files</Filter>
    </ClInclude>
    <ClInclude Include="src\ex_3d\EX3D_Console.h">
      <Filter>Header Files</Filter>
    </ClInclude>
    <ClInclude Include="src\ex_3d\stdafx.h">
      <Filter>Header Files</Filter>
    </ClInclude>
    <ClInclude Include="src\mcommon2\MC_DebugConsoleListener.h">
      <Filter>Header Files</Filter>
    </ClInclude>
    <ClInclude Include="src\mcommon2\MC_CommandLine.h">
      <Filter>Header Files</Filter>
    </ClInclude>
    <ClInclude Include="src\ex_remote\EXR_Server.h">
      <Filter>Header Files</Filter>
    </ClInclude>
    <ClInclude Include="src\ex_remote\stdafx.h">
      <Filter>Header Files</Filter>
    </ClInclude>
    <ClInclude Include="src\ex_commanderai\stdafx.h">
      <Filter>Header Files</Filter>
    </ClInclude>
    <ClInclude Include="src\ex_commanderai\EX_CAI_Platoon.h">
      <Filter>Header Files</Filter>
    </ClInclude>
    <ClInclude Include="src\mmassgate\MMG_AccountProtocol.h">
      <Filter>Header Files</Filter>
    </ClInclude>
    <ClInclude Include="src\ex_common\EX_OptionsModHandler.h">
      <Filter>Header Files</Filter>
    </ClInclude>
    <ClInclude Include="src\ex_game\EXG_TickBalance.h">
      <Filter>Header Files</Filter>
    </ClInclude>
    <ClInclude Include="src\ex_game\stdafx.h">
      <Filter>Header Files</Filter>
    </ClInclude>
  </ItemGroup>
  <ItemGroup>
    <ClCompile Include="src\dllmain.cpp">
      <Filter>Source Files</Filter>
    </ClCompile>
    <ClCompile Include="src\stdafx.cpp">
      <Filter>Source Files</Filter>
    </ClCompile>
    <ClCompile Include="src\mnetwork\MN_Format.cpp">
      <Filter>Source Files</Filter>
    </ClCompile>
    <ClCompile Include="src\mnetwork\MN_WriteMessage.cpp">
      <Filter>Source Files</Filter>
    </ClCompile>
    <ClCompile Include="src\mnetwork\MN_Message.cpp">
      <Filter>Source Files</Filter>
    </ClCompile>
    <ClCompile Include="src\mnetwork\MN_Packet.cpp">
      <Filter>Source Files</Filter>
    </ClCompile>
    <ClCompile Include="src\mmassgate\MMG_Protocols.cpp">
      <Filter>Source Files</Filter>
    </ClCompile>
    <ClCompile Include="src\mrender\MR_RenderD3D10.cpp">
      <Filter>Source Files</Filter>
    </ClCompile>
    <ClCompile Include="src\mrender\MR_Render.cpp">
      <Filter>Source Files</Filter>
    </ClCompile>
    <ClCompile Include="src\mrender\MR_VertexShader.cpp">
      <Filter>Source Files</Filter>
    </ClCompile>
    <ClCompile Include="src\mcommon2\MC_Mem.cpp">
      <Filter>Source Files</Filter>
    </ClCompile>
    <ClCompile Include="src\mmassgate\MMG_CdKey.cpp">
      <Filter>Source Files</Filter>
    </ClCompile>
    <ClCompile Include="src\mnetwork\MN_NetRequester.cpp">
      <Filter>Source Files</Filter>
    </ClCompile>
    <ClCompile Include="src\mmassgate\MMG_Tiger.cpp">
      <Filter>Source Files</Filter>
    </ClCompile>
    <ClCompile Include="src\mmassgate\MMG_CryptoHash.cpp">
      <Filter>Source Files</Filter>
    </ClCompile>
    <ClCompile Include="src\mcommon2\MF_File.cpp">
      <Filter>Source Files</Filter>
    </ClCompile>
    <ClCompile Include="src\ex_common\WICO_DebugView.cpp">
      <Filter>Source Files</Filter>
    </ClCompile>
    <ClCompile Include="src\memory.cpp">
      <Filter>Source Files</Filter>
    </ClCompile>
    <ClCompile Include="src\ex_3d\EX3D_Console.cpp">
      <Filter>Source Files</Filter>
    </ClCompile>
    <ClCompile Include="src\mcommon2\MC_DebugConsoleListener.cpp">
      <Filter>Source Files</Filter>
    </ClCompile>
    <ClCompile Include="src\mcommon2\MC_CommandLine.cpp">
      <Filter>Source Files</Filter>
    </ClCompile>
    <ClCompile Include="src\ex_remote\EXR_Server.cpp">
      <Filter>Source Files</Filter>
    </ClCompile>
    <ClCompile Include="src\ex_commanderai\EX_CAI_Platoon.cpp">
      <Filter>Source Files</Filter>
    </ClCompile>
    <ClCompile Include="src\mmassgate\MMG_AccountProtocol.cpp">
      <Filter>Source Files</Filter>
    </ClCompile>
    <ClCompile Include="src\ex_common\EX_OptionsModHandler.cpp">
      <Filter>Source Files</Filter>
    </ClCompile>
    <ClCompile Include="src\ex_game\EXG_TickBalance.cpp">
      <Filter>Source Files</Filter>
    </ClCompile>
  </ItemGroup>
</Project>