
Microsoft Visual Studio Solution File, Format Version 12.00
# Visual Studio Version 16
VisualStudioVersion = 16.0.30011.22
MinimumVisualStudioVersion = 10.0.40219.1
Project("{8BC9CEB8-8B4A-11D0-8D11-00A0C91BC942}") = "injector", "components\injector\injector.vcxproj", "{61298182-D5E3-4EB4-843F-4A399FA7C4C2}"
	ProjectSection(ProjectDependencies) = postProject
		{06E30C65-D79A-4FEC-8A60-B36D907E6601} = {06E30C65-D79A-4FEC-8A60-B36D907E6601}
	EndProjectSection
EndProject
Project("{8BC9CEB8-8B4A-11D0-8D11-00A0C91BC942}") = "wic_cl_hook", "components\wic_cl_hook\wic_cl_hook.vcxproj", "{DF9E8774-8F5C-4D2D-90C1-8B5210D91027}"
	ProjectSection(ProjectDependencies) = postProject
		{06E30C65-D79A-4FEC-8A60-B36D907E6601} = {06E30C65-D79A-4FEC-8A60-B36D907E6601}
	EndProjectSection
EndProject
Project("{8BC9CEB8-8B4A-11D0-8D11-00A0C91BC942}") = "wic_ds_hook", "components\wic_ds_hook\wic_ds_hook.vcxproj", "{0519A147-BB37-49B7-8F13-EFB14690CE94}"
	ProjectSection(ProjectDependencies) = postProject
		{06E30C65-D79A-4FEC-8A60-B36D907E6601} = {06E30C65-D79A-4FEC-8A60-B36D907E6601}
	EndProjectSection
EndProject
Project("{8BC9CEB8-8B4A-11D0-8D11-00A0C91BC942}") = "wic_bt_hook", "components\wic_bt_hook\wic_bt_hook.vcxproj", "{74FD4F98-B23C-440D-9276-BD2E9F663B7F}"
	ProjectSection(ProjectDependencies) = postProject
		{06E30C65-D79A-4FEC-8A60-B36D907E6601} = {06E30C65-D79A-4FEC-8A60-B36D907E6601}
	EndProjectSection
EndProject
Project("{8BC9CEB8-8B4A-11D0-8D11-00A0C91BC942}") = "tbb", "components\shared\tbb\build\vs2013\tbb.vcxproj", "{F62787DD-1327-448B-9818-030062BCFAA5}"
EndProject
Project("{8BC9CEB8-8B4A-11D0-8D11-00A0C91BC942}") = "tbbmalloc", "components\shared\tbb\build\vs2013\tbbmalloc.vcxproj", "{B15F131E-328A-4D42-ADC2-9FF4CA6306D8}"
EndProject
Project("{8BC9CEB8-8B4A-11D0-8D11-00A0C91BC942}") = "wic_ed_hook", "components\wic_ed_hook\wic_ed_hook.vcxproj", "{F6C97C08-8FCC-423F-977C-F0A87E76626A}"
	ProjectSection(ProjectDependencies) = postProject
		{06E30C65-D79A-4FEC-8A60-B36D907E6601} = {06E30C65-D79A-4FEC-8A60-B36D907E6601}
	EndProjectSection
EndProject
Project("{8BC9CEB8-8B4A-11D0-8D11-00A0C91BC942}") = "detours", "components\shared\detours\detours\detours.vcxproj", "{06E30C65-D79A-4FEC-8A60-B36D907E6601}"
EndProject
Project("{9A19103F-16F7-4668-BE54-9A1E7A4F7556}") = "installer", "installer\installer.csproj", "{15B2D4A8-EC8C-4474-B62D-BFA11AA159E0}"
	ProjectSection(ProjectDependencies) = postProject
		{F6C97C08-8FCC-423F-977C-F0A87E76626A} = {F6C97C08-8FCC-423F-977C-F0A87E76626A}
		{0519A147-BB37-49B7-8F13-EFB14690CE94} = {0519A147-BB37-49B7-8F13-EFB14690CE94}
		{06E30C65-D79A-4FEC-8A60-B36D907E6601} = {06E30C65-D79A-4FEC-8A60-B36D907E6601}
		{DF9E8774-8F5C-4D2D-90C1-8B5210D91027} = {DF9E8774-8F5C-4D2D-90C1-8B5210D91027}
		{61298182-D5E3-4EB4-843F-4A399FA7C4C2} = {61298182-D5E3-4EB4-843F-4A399FA7C4C2}
		{74FD4F98-B23C-440D-9276-BD2E9F663B7F} = {74FD4F98-B23C-440D-9276-BD2E9F663B7F}
	EndProjectSection
EndProject
Global
	GlobalSection(SolutionConfigurationPlatforms) = preSolution
		Debug|Any CPU = Debug|Any CPU
		Debug|Win32 = Debug|Win32
		Debug|x64 = Debug|x64
		Debug-MT|Any CPU = Debug-MT|Any CPU
		Debug-MT|Win32 = Debug-MT|Win32
		Debug-MT|x64 = Debug-MT|x64
		Release|Any CPU = Release|Any CPU
		Release|Win32 = Release|Win32
		Release|x64 = Release|x64
		Release-MT|Any CPU = Release-MT|Any CPU
		Release-MT|Win32 = Release-MT|Win32
		Release-MT|x64 = Release-MT|x64
	EndGlobalSection
	GlobalSection(ProjectConfigurationPlatforms) = postSolution
		{61298182-D5E3-4EB4-843F-4A399FA7C4C2}.Debug|Any CPU.ActiveCfg = Debug|Win32
		{61298182-D5E3-4EB4-843F-4A399FA7C4C2}.Debug|Win32.ActiveCfg = Debug|Win32
		{61298182-D5E3-4EB4-843F-4A399FA7C4C2}.Debug|Win32.Build.0 = Debug|Win32
		{61298182-D5E3-4EB4-843F-4A399FA7C4C2}.Debug|x64.ActiveCfg = Debug|Win32
		{61298182-D5E3-4EB4-843F-4A399FA7C4C2}.Debug-MT|Any CPU.ActiveCfg = Release|Win32
		{61298182-D5E3-4EB4-843F-4A399FA7C4C2}.Debug-MT|Any CPU.Build.0 = Release|Win32
		{61298182-D5E3-4EB4-843F-4A399FA7C4C2}.Debug-MT|Win32.ActiveCfg = Debug|Win32
		{61298182-D5E3-4EB4-843F-4A399FA7C4C2}.Debug-MT|Win32.Build.0 = Debug|Win32
		{61298182-D5E3-4EB4-843F-4A399FA7C4C2}.Debug-MT|x64.ActiveCfg = Release|Win32
		{61298182-D5E3-4EB4-843F-4A399FA7C4C2}.Debug-MT|x64.Build.0 = Release|Win32
		{61298182-D5E3-4EB4-843F-4A399FA7C4C2}.Release|Any CPU.ActiveCfg = Release|Win32
		{61298182-D5E3-4EB4-843F-4A399FA7C4C2}.Release|Win32.ActiveCfg = Release|Win32
		{61298182-D5E3-4EB4-843F-4A399FA7C4C2}.Release|Win32.Build.0 = Release|Win32
		{61298182-D5E3-4EB4-843F-4A399FA7C4C2}.Release|x64.ActiveCfg = Release|Win32
		{61298182-D5E3-4EB4-843F-4A399FA7C4C2}.Release-MT|Any CPU.ActiveCfg = Release|Win32
		{61298182-D5E3-4EB4-843F-4A399FA7C4C2}.Release-MT|Any CPU.Build.0 = Release|Win32
		{61298182-D5E3-4EB4-843F-4A399FA7C4C2}.Release-MT|Win32.ActiveCfg = Release|Win32
		{61298182-D5E3-4EB4-843F-4A399FA7C4C2}.Release-MT|Win32.Build.0 = Release|Win32
		{61298182-D5E3-4EB4-843F-4A399FA7C4C2}.Release-MT|x64.ActiveCfg = Release|Win32
		{61298182-D5E3-4EB4-843F-4A399FA7C4C2}.Release-MT|x64.Build.0 = Release|Win32
		{DF9E8774-8F5C-4D2D-90C1-8B5210D91027}.Debug|Any CPU.ActiveCfg = Debug|Win32
		{DF9E8774-8F5C-4D2D-90C1-8B5210D91027}.Debug|Win32.ActiveCfg = Debug|Win32
		{DF9E8774-8F5C-4D2D-90C1-8B5210D91027}.Debug|Win32.Build.0 = Debug|Win32
		{DF9E8774-8F5C-4D2D-90C1-8B5210D91027}.Debug|x64.ActiveCfg = Debug|Win32
		{DF9E8774-8F5C-4D2D-90C1-8B5210D91027}.Debug-MT|Any CPU.ActiveCfg = Release|Win32
		{DF9E8774-8F5C-4D2D-90C1-8B5210D91027}.Debug-MT|Any CPU.Build.0 = Release|Win32
		{DF9E8774-8F5C-4D2D-90C1-8B5210D91027}.Debug-MT|Win32.ActiveCfg = Debug|Win32
		{DF9E8774-8F5C-4D2D-90C1-8B5210D91027}.Debug-MT|Win32.Build.0 = Debug|Win32
		{DF9E8774-8F5C-4D2D-90C1-8B5210D91027}.Debug-MT|x64.ActiveCfg = Release|Win32
		{DF9E8774-8F5C-4D2D-90C1-8B5210D91027}.Debug-MT|x64.Build.0 = Release|Win32
		{DF9E8774-8F5C-4D2D-90C1-8B5210D91027}.Release|Any CPU.ActiveCfg = Release|Win32
		{DF9E8774-8F5C-4D2D-90C1-8B5210D91027}.Release|Win32.ActiveCfg = Release|Win32
		{DF9E8774-8F5C-4D2D-90C1-8B5210D91027}.Release|Win32.Build.0 = Release|Win32
		{DF9E8774-8F5C-4D2D-90C1-8B5210D91027}.Release|x64.ActiveCfg = Release|Win32
		{DF9E8774-8F5C-4D2D-90C1-8B5210D91027}.Release-MT|Any CPU.ActiveCfg = Release|Win32
		{DF9E8774-8F5C-4D2D-90C1-8B5210D91027}.Release-MT|Any CPU.Build.0 = Release|Win32
		{DF9E8774-8F5C-4D2D-90C1-8B5210D91027}.Release-MT|Win32.ActiveCfg = Release|Win32
		{DF9E8774-8F5C-4D2D-90C1-8B5210D91027}.Release-MT|Win32.Build.0 = Release|Win32
		{DF9E8774-8F5C-4D2D-90C1-8B5210D91027}.Release-MT|x64.ActiveCfg = Release|Win32
		{DF9E8774-8F5C-4D2D-90C1-8B5210D91027}.Release-MT|x64.Build.0 = Release|Win32
		{0519A147-BB37-49B7-8F13-EFB14690CE94}.Debug|Any CPU.ActiveCfg = Debug|Win32
		{0519A147-BB37-49B7-8F13-EFB14690CE94}.Debug|Win32.ActiveCfg = Debug|Win32
		{0519A147-BB37-49B7-8F13-EFB14690CE94}.Debug|Win32.Build.0 = Debug|Win32
		{0519A147-BB37-49B7-8F13-EFB14690CE94}.Debug|x64.ActiveCfg = Debug|Win32
		{0519A147-BB37-49B7-8F13-EFB14690CE94}.Debug-MT|Any CPU.ActiveCfg = Release|Win32
		{0519A147-BB37-49B7-8F13-EFB14690CE94}.Debug-MT|Any CPU.Build.0 = Release|Win32
		{0519A147-BB37-49B7-8F13-EFB14690CE94}.Debug-MT|Win32.ActiveCfg = Debug|Win32
		{0519A147-BB37-49B7-8F13-EFB14690CE94}.Debug-MT|Win32.Build.0 = Debug|Win32
		{0519A147-BB37-49B7-8F13-EFB14690CE94}.Debug-MT|x64.ActiveCfg = Release|Win32
		{0519A147-BB37-49B7-8F13-EFB14690CE94}.Debug-MT|x64.Build.0 = Release|Win32
		{0519A147-BB37-49B7-8F13-EFB14690CE94}.Release|Any CPU.ActiveCfg = Release|Win32
		{0519A147-BB37-49B7-8F13-EFB14690CE94}.Release|Win32.ActiveCfg = Release|Win32
		{0519A147-BB37-49B7-8F13-EFB14690CE94}.Release|Win32.Build.0 = Release|Win32
		{0519A147-BB37-49B7-8F13-EFB14690CE94}.Release|x64.ActiveCfg = Release|Win32
		{0519A147-BB37-49B7-8F13-EFB14690CE94}.Release-MT|Any CPU.ActiveCfg = Release|Win32
		{0519A147-BB37-49B7-8F13-EFB14690CE94}.Release-MT|Any CPU.Build.0 = Release|Win32
		{0519A147-BB37-49B7-8F13-EFB14690CE94}.Release-MT|Win32.ActiveCfg = Release|Win32
		{0519A147-BB37-49B7-8F13-EFB14690CE94}.Release-MT|Win32.Build.0 = Release|Win32
		{0519A147-BB37-49B7-8F13-EFB14690CE94}.Release-MT|x64.ActiveCfg = Release|Win32
		{0519A147-BB37-49B7-8F13-EFB14690CE94}.Release-MT|x64.Build.0 = Release|Win32
		{74FD4F98-B23C-440D-9276-BD2E9F663B7F}.Debug|Any CPU.ActiveCfg = Debug|Win32
		{74FD4F98-B23C-440D-9276-BD2E9F663B7F}.Debug|Win32.ActiveCfg = Debug|Win32
		{74FD4F98-B23C-440D-9276-BD2E9F663B7F}.Debug|Win32.Build.0 = Debug|Win32
		{74FD4F98-B23C-440D-9276-BD2E9F663B7F}.Debug|x64.ActiveCfg = Debug|Win32
		{74FD4F98-B23C-440D-9276-BD2E9F663B7F}.Debug-MT|Any CPU.ActiveCfg = Release|Win32
		{74FD4F98-B23C-440D-9276-BD2E9F663B7F}.Debug-MT|Any CPU.Build.0 = Release|Win32
		{74FD4F98-B23C-440D-9276-BD2E9F663B7F}.Debug-MT|Win32.ActiveCfg = Debug|Win32
		{74FD4F98-B23C-440D-9276-BD2E9F663B7F}.Debug-MT|Win32.Build.0 = Debug|Win32
		{74FD4F98-B23C-440D-9276-BD2E9F663B7F}.Debug-MT|x64.ActiveCfg = Release|Win32
		{74FD4F98-B23C-440D-9276-BD2E9F663B7F}.Debug-MT|x64.Build.0 = Release|Win32
		{74FD4F98-B23C-440D-9276-BD2E9F663B7F}.Release|Any CPU.ActiveCfg = Release|Win32
		{74FD4F98-B23C-440D-9276-BD2E9F663B7F}.Release|Win32.ActiveCfg = Release|Win32
		{74FD4F98-B23C-440D-9276-BD2E9F663B7F}.Release|Win32.Build.0 = Release|Win32
		{74FD4F98-B23C-440D-9276-BD2E9F663B7F}.Release|x64.ActiveCfg = Release|Win32
		{74FD4F98-B23C-440D-9276-BD2E9F663B7F}.Release-MT|Any CPU.ActiveCfg = Release|Win32
		{74FD4F98-B23C-440D-9276-BD2E9F663B7F}.Release-MT|Any CPU.Build.0 = Release|Win32
		{74FD4F98-B23C-440D-9276-BD2E9F663B7F}.Release-MT|Win32.ActiveCfg = Release|Win32
		{74FD4F98-B23C-440D-9276-BD2E9F663B7F}.Release-MT|Win32.Build.0 = Release|Win32
		{74FD4F98-B23C-440D-9276-BD2E9F663B7F}.Release-MT|x64.ActiveCfg = Release|Win32
		{74FD4F98-B23C-440D-9276-BD2E9F663B7F}.Release-MT|x64.Build.0 = Release|Win32
		{F62787DD-1327-448B-9818-030062BCFAA5}.Debug|Any CPU.ActiveCfg = Debug|Win32
		{F62787DD-1327-448B-9818-030062BCFAA5}.Debug|Win32.ActiveCfg = Debug|Win32
		{F62787DD-1327-448B-9818-030062BCFAA5}.Debug|Win32.Build.0 = Debug|Win32
		{F62787DD-1327-448B-9818-030062BCFAA5}.Debug|x64.ActiveCfg = Debug|x64
		{F62787DD-1327-448B-9818-030062BCFAA5}.Debug|x64.Build.0 = Debug|x64
		{F62787DD-1327-448B-9818-030062BCFAA5}.Debug-MT|Any CPU.ActiveCfg = Debug-MT|Win32
		{F62787DD-1327-448B-9818-030062BCFAA5}.Debug-MT|Win32.ActiveCfg = Debug-MT|Win32
		{F62787DD-1327-448B-9818-030062BCFAA5}.Debug-MT|Win32.Build.0 = Debug-MT|Win32
		{F62787DD-1327-448B-9818-030062BCFAA5}.Debug-MT|x64.ActiveCfg = Debug-MT|x64
		{F62787DD-1327-448B-9818-030062BCFAA5}.Debug-MT|x64.Build.0 = Debug-MT|x64
		{F62787DD-1327-448B-9818-030062BCFAA5}.Release|Any CPU.ActiveCfg = Release|Win32
		{F62787DD-1327-448B-9818-030062BCFAA5}.Release|Win32.ActiveCfg = Release|Win32
		{F62787DD-1327-448B-9818-030062BCFAA5}.Release|Win32.Build.0 = Release|Win32
		{F62787DD-1327-448B-9818-030062BCFAA5}.Release|x64.ActiveCfg = Release|x64
		{F62787DD-1327-448B-9818-030062BCFAA5}.Release|x64.Build.0 = Release|x64
		{F62787DD-1327-448B-9818-030062BCFAA5}.Release-MT|Any CPU.ActiveCfg = Release-MT|Win32
		{F62787DD-1327-448B-9818-030062BCFAA5}.Release-MT|Win32.ActiveCfg = Release-MT|Win32
		{F62787DD-1327-448B-9818-030062BCFAA5}.Release-MT|Win32.Build.0 = Release-MT|Win32
		{F62787DD-1327-448B-9818-030062BCFAA5}.Release-MT|x64.ActiveCfg = Release-MT|x64
		{F62787DD-1327-448B-9818-030062BCFAA5}.Release-MT|x64.Build.0 = Release-MT|x64
		{B15F131E-328A-4D42-ADC2-9FF4CA6306D8}.Debug|Any CPU.ActiveCfg = Debug|Win32
		{B15F131E-328A-4D42-ADC2-9FF4CA6306D8}.Debug|Win32.ActiveCfg = Debug|Win32
		{B15F131E-328A-4D42-ADC2-9FF4CA6306D8}.Debug|Win32.Build.0 = Debug|Win32
		{B15F131E-328A-4D42-ADC2-9FF4CA6306D8}.Debug|x64.ActiveCfg = Debug|x64
		{B15F131E-328A-4D42-ADC2-9FF4CA6306D8}.Debug|x64.Build.0 = Debug|x64
		{B15F131E-328A-4D42-ADC2-9FF4CA6306D8}.Debug-MT|Any CPU.ActiveCfg = Debug-MT|Win32
		{B15F131E-328A-4D42-ADC2-9FF4CA6306D8}.Debug-MT|Win32.ActiveCfg = Debug-MT|Win32
		{B15F131E-328A-4D42-ADC2-9FF4CA6306D8}.Debug-MT|Win32.Build.0 = Debug-MT|Win32
		{B15F131E-328A-4D42-ADC2-9FF4CA6306D8}.Debug-MT|x64.ActiveCfg = Debug-MT|x64
		{B15F131E-328A-4D42-ADC2-9FF4CA6306D8}.Debug-MT|x64.Build.0 = Debug-MT|x64
		{B15F131E-328A-4D42-ADC2-9FF4CA6306D8}.Release|Any CPU.ActiveCfg = Release|Win32
		{B15F131E-328A-4D42-ADC2-9FF4CA6306D8}.Release|Win32.ActiveCfg = Release|Win32
		{B15F131E-328A-4D42-ADC2-9FF4CA6306D8}.Release|Win32.Build.0 = Release|Win32
		{B15F131E-328A-4D42-ADC2-9FF4CA6306D8}.Release|x64.ActiveCfg = Release|x64
		{B15F131E-328A-4D42-ADC2-9FF4CA6306D8}.Release|x64.Build.0 = Release|x64
		{B15F131E-328A-4D42-ADC2-9FF4CA6306D8}.Release-MT|Any CPU.ActiveCfg = Release-MT|Win32
		{B15F131E-328A-4D42-ADC2-9FF4CA6306D8}.Release-MT|Win32.ActiveCfg = Release-MT|Win32
		{B15F131E-328A-4D42-ADC2-9FF4CA6306D8}.Release-MT|Win32.Build.0 = Release-MT|Win32
		{B15F131E-328A-4D42-ADC2-9FF4CA6306D8}.Release-MT|x64.ActiveCfg = Release-MT|x64
		{B15F131E-328A-4D42-ADC2-9FF4CA6306D8}.Release-MT|x64.Build.0 = Release-MT|x64
		{F6C97C08-8FCC-423F-977C-F0A87E76626A}.Debug|Any CPU.ActiveCfg = Debug|Win32
		{F6C97C08-8FCC-423F-977C-F0A87E76626A}.Debug|Win32.ActiveCfg = Debug|Win32
		{F6C97C08-8FCC-423F-977C-F0A87E76626A}.Debug|Win32.Build.0 = Debug|Win32
		{F6C97C08-8FCC-423F-977C-F0A87E76626A}.Debug|x64.ActiveCfg = Debug|Win32
		{F6C97C08-8FCC-423F-977C-F0A87E76626A}.Debug-MT|Any CPU.ActiveCfg = Release|Win32
		{F6C97C08-8FCC-423F-977C-F0A87E76626A}.Debug-MT|Any CPU.Build.0 = Release|Win32
		{F6C97C08-8FCC-423F-977C-F0A87E76626A}.Debug-MT|Win32.ActiveCfg = Debug|Win32
		{F6C97C08-8FCC-423F-977C-F0A87E76626A}.Debug-MT|Win32.Build.0 = Debug|Win32
		{F6C97C08-8FCC-423F-977C-F0A87E76626A}.Debug-MT|x64.ActiveCfg = Debug|Win32
		{F6C97C08-8FCC-423F-977C-F0A87E76626A}.Debug-MT|x64.Build.0 = Debug|Win32
		{F6C97C08-8FCC-423F-977C-F0A87E76626A}.Release|Any CPU.ActiveCfg = Release|Win32
		{F6C97C08-8FCC-423F-977C-F0A87E76626A}.Release|Win32.ActiveCfg = Release|Win32
		{F6C97C08-8FCC-423F-977C-F0A87E76626A}.Release|Win32.Build.0 = Release|Win32
		{F6C97C08-8FCC-423F-977C-F0A87E76626A}.Release|x64.ActiveCfg = Release|Win32
		{F6C97C08-8FCC-423F-977C-F0A87E76626A}.Release-MT|Any CPU.ActiveCfg = Release|Win32
		{F6C97C08-8FCC-423F-977C-F0A87E76626A}.Release-MT|Any CPU.Build.0 = Release|Win32
		{F6C97C08-8FCC-423F-977C-F0A87E76626A}.Release-MT|Win32.ActiveCfg = Release|Win32
		{F6C97C08-8FCC-423F-977C-F0A87E76626A}.Release-MT|Win32.Build.0 = Release|Win32
		{F6C97C08-8FCC-423F-977C-F0A87E76626A}.Release-MT|x64.ActiveCfg = Debug|Win32
		{F6C97C08-8FCC-423F-977C-F0A87E76626A}.Release-MT|x64.Build.0 = Debug|Win32
		{06E30C65-D79A-4FEC-8A60-B36D907E6601}.Debug|Any CPU.ActiveCfg = Debug|Win32
		{06E30C65-D79A-4FEC-8A60-B36D907E6601}.Debug|Win32.ActiveCfg = Debug|Win32
		{06E30C65-D79A-4FEC-8A60-B36D907E6601}.Debug|Win32.Build.0 = Debug|Win32
		{06E30C65-D79A-4FEC-8A60-B36D907E6601}.Debug|x64.ActiveCfg = Debug|x64
		{06E30C65-D79A-4FEC-8A60-B36D907E6601}.Debug|x64.Build.0 = Debug|x64
		{06E30C65-D79A-4FEC-8A60-B36D907E6601}.Debug-MT|Any CPU.ActiveCfg = Release|x64
		{06E30C65-D79A-4FEC-8A60-B36D907E6601}.Debug-MT|Any CPU.Build.0 = Release|x64
		{06E30C65-D79A-4FEC-8A60-B36D907E6601}.Debug-MT|Win32.ActiveCfg = Debug|Win32
		{06E30C65-D79A-4FEC-8A60-B36D907E6601}.Debug-MT|Win32.Build.0 = Debug|Win32
		{06E30C65-D79A-4FEC-8A60-B36D907E6601}.Debug-MT|x64.ActiveCfg = Debug|x64
		{06E30C65-D79A-4FEC-8A60-B36D907E6601}.Debug-MT|x64.Build.0 = Debug|x64
		{06E30C65-D79A-4FEC-8A60-B36D907E6601}.Release|Any CPU.ActiveCfg = Release|Win32
		{06E30C65-D79A-4FEC-8A60-B36D907E6601}.Release|Win32.ActiveCfg = Release|Win32
		{06E30C65-D79A-4FEC-8A60-B36D907E6601}.Release|Win32.Build.0 = Release|Win32
		{06E30C65-D79A-4FEC-8A60-B36D907E6601}.Release|x64.ActiveCfg = Release|x64
		{06E30C65-D79A-4FEC-8A60-B36D907E6601}.Release|x64.Build.0 = Release|x64
		{06E30C65-D79A-4FEC-8A60-B36D907E6601}.Release-MT|Any CPU.ActiveCfg = Release|x64
		{06E30C65-D79A-4FEC-8A60-B36D907E6601}.Release-MT|Any CPU.Build.0 = Release|x64
		{06E30C65-D79A-4FEC-8A60-B36D907E6601}.Release-MT|Win32.ActiveCfg = Release|Win32
		{06E30C65-D79A-4FEC-8A60-B36D907E6601}.Release-MT|Win32.Build.0 = Release|Win32
		{06E30C65-D79A-4FEC-8A60-B36D907E6601}.Release-MT|x64.ActiveCfg = Release|x64
		{06E30C65-D79A-4FEC-8A60-B36D907E6601}.Release-MT|x64.Build.0 = Release|x64
		{15B2D4A8-EC8C-4474-B62D-BFA11AA159E0}.Debug|Any CPU.ActiveCfg = Debug|Any CPU
		{15B2D4A8-EC8C-4474-B62D-BFA11AA159E0}.Debug|Any CPU.Build.0 = Debug|Any CPU
		{15B2D4A8-EC8C-4474-B62D-BFA11AA159E0}.Debug|Win32.ActiveCfg = Debug|Any CPU
		{15B2D4A8-EC8C-4474-B62D-BFA11AA159E0}.Debug|Win32.Build.0 = Debug|Any CPU
		{15B2D4A8-EC8C-4474-B62D-BFA11AA159E0}.Debug|x64.ActiveCfg = Debug|Any CPU
		{15B2D4A8-EC8C-4474-B62D-BFA11AA159E0}.Debug|x64.Build.0 = Debug|Any CPU
		{15B2D4A8-EC8C-4474-B62D-BFA11AA159E0}.Debug-MT|Any CPU.ActiveCfg = Debug|Any CPU
		{15B2D4A8-EC8C-4474-B62D-BFA11AA159E0}.Debug-MT|Any CPU.Build.0 = Debug|Any CPU
		{15B2D4A8-EC8C-4474-B62D-BFA11AA159E0}.Debug-MT|Win32.ActiveCfg = Debug|Any CPU
		{15B2D4A8-EC8C-4474-B62D-BFA11AA159E0}.Debug-MT|Win32.Build.0 = Debug|Any CPU
		{15B2D4A8-EC8C-4474-B62D-BFA11AA159E0}.Debug-MT|x64.ActiveCfg = Debug|Any CPU
		{15B2D4A8-EC8C-4474-B62D-BFA11AA159E0}.Debug-MT|x64.Build.0 = Debug|Any CPU
		{15B2D4A8-EC8C-4474-B62D-BFA11AA159E0}.Release|Any CPU.ActiveCfg = Release|Any CPU
		{15B2D4A8-EC8C-4474-B62D-BFA11AA159E0}.Release|Any CPU.Build.0 = Release|Any CPU
		{15B2D4A8-EC8C-4474-B62D-BFA11AA159E0}.Release|Win32.ActiveCfg = Release|Any CPU
		{15B2D4A8-EC8C-4474-B62D-BFA11AA159E0}.Release|Win32.Build.0 = Release|Any CPU
		{15B2D4A8-EC8C-4474-B62D-BFA11AA159E0}.Release|x64.ActiveCfg = Release|Any CPU
		{15B2D4A8-EC8C-4474-B62D-BFA11AA159E0}.Release|x64.Build.0 = Release|Any CPU
		{15B2D4A8-EC8C-4474-B62D-BFA11AA159E0}.Release-MT|Any CPU.ActiveCfg = Release|Any CPU
		{15B2D4A8-EC8C-4474-B62D-BFA11AA159E0}.Release-MT|Any CPU.Build.0 = Release|Any CPU
		{15B2D4A8-EC8C-4474-B62D-BFA11AA159E0}.Release-MT|Win32.ActiveCfg = Release|Any CPU
		{15B2D4A8-EC8C-4474-B62D-BFA11AA159E0}.Release-MT|Win32.Build.0 = Release|Any CPU
		{15B2D4A8-EC8C-4474-B62D-BFA11AA159E0}.Release-MT|x64.ActiveCfg = Release|Any CPU
		{15B2D4A8-EC8C-4474-B62D-BFA11AA159E0}.Release-MT|x64.Build.0 = Release|Any CPU
	EndGlobalSection
	GlobalSection(SolutionProperties) = preSolution
		HideSolutionNode = FALSE
	EndGlobalSection
	GlobalSection(ExtensibilityGlobals) = postSolution
		SolutionGuid = {3BAC4946-F222-4BAD-9071-30657B03B5A6}
	EndGlobalSection
EndGlobal
