
Microsoft Visual Studio Solution File, Format Version 12.00
# Visual Studio 2012
Project("{8BC9CEB8-8B4A-11D0-8D11-00A0C91BC942}") = "wic_cl_hook", "wic_cl_hook\wic_cl_hook\wic_cl_hook.vcxproj", "{DF9E8774-8F5C-4D2D-90C1-8B5210D91027}"
EndProject
Project("{8BC9CEB8-8B4A-11D0-8D11-00A0C91BC942}") = "wic_ds_hook", "wic_ds_hook\wic_ds_hook\wic_ds_hook.vcxproj", "{0519A147-BB37-49B7-8F13-EFB14690CE94}"
EndProject
Global
	GlobalSection(SolutionConfigurationPlatforms) = preSolution
		Debug|Win32 = Debug|Win32
		Release|Win32 = Release|Win32
	EndGlobalSection
	GlobalSection(ProjectConfigurationPlatforms) = postSolution
		{DF9E8774-8F5C-4D2D-90C1-8B5210D91027}.Debug|Win32.ActiveCfg = Debug|Win32
		{DF9E8774-8F5C-4D2D-90C1-8B5210D91027}.Debug|Win32.Build.0 = Debug|Win32
		{DF9E8774-8F5C-4D2D-90C1-8B5210D91027}.Release|Win32.ActiveCfg = Release|Win32
		{DF9E8774-8F5C-4D2D-90C1-8B5210D91027}.Release|Win32.Build.0 = Release|Win32
		{0519A147-BB37-49B7-8F13-EFB14690CE94}.Debug|Win32.ActiveCfg = Debug|Win32
		{0519A147-BB37-49B7-8F13-EFB14690CE94}.Debug|Win32.Build.0 = Debug|Win32
		{0519A147-BB37-49B7-8F13-EFB14690CE94}.Release|Win32.ActiveCfg = Release|Win32
		{0519A147-BB37-49B7-8F13-EFB14690CE94}.Release|Win32.Build.0 = Release|Win32
	EndGlobalSection
	GlobalSection(SolutionProperties) = preSolution
		HideSolutionNode = FALSE
	EndGlobalSection
EndGlobal
