<?xml version="1.0" encoding="utf-8"?>
<Project ToolsVersion="4.0" xmlns="http://schemas.microsoft.com/developer/msbuild/2003">
  <ItemGroup>
    <Filter Include="Source Files">
      <UniqueIdentifier>{4FC737F1-C7A5-4376-A066-2A32D752A2FF}</UniqueIdentifier>
      <Extensions>cpp;c;cc;cxx;def;odl;idl;hpj;bat;asm;asmx</Extensions>
    </Filter>
    <Filter Include="Header Files">
      <UniqueIdentifier>{93995380-89BD-4b04-88EB-625FBE52EBFB}</UniqueIdentifier>
      <Extensions>h;hpp;hxx;hm;inl;inc;xsd</Extensions>
    </Filter>
  </ItemGroup>
  <ItemGroup>
    <ClInclude Include="src\stdafx.h">
      <Filter>Header Files</Filter>
    </ClInclude>
    <ClInclude Include="src\mcommon2\stdafx.h">
      <Filter>Header Files</Filter>
    </ClInclude>
    <ClInclude Include="src\mcommon2\MF_File.h">
      <Filter>Header Files</Filter>
    </ClInclude>
    <ClInclude Include="src\mmassgate\MMG_AccountProtocol.h">
      <Filter>Header Files</Filter>
    </ClInclude>
    <ClInclude Include="src\mmassgate\stdafx.h">
      <Filter>Header Files</Filter>
    </ClInclude>
    <ClInclude Include="src\mnetwork\MN_WriteMessage.h">
      <Filter>Header Files</Filter>
    </ClInclude>
    <ClInclude Include="src\mnetwork\MN_Format.h">
      <Filter>Header Files</Filter>
    </ClInclude>
    <ClInclude Include="src\mnetwork\MN_Message.h">
      <Filter>Header Files</Filter>
    </ClInclude>
    <ClInclude Include="src\mnetwork\stdafx.h">
      <Filter>Header Files</Filter>
    </ClInclude>
    <ClInclude Include="src\mnetwork\MN_INetHandler.h">
      <Filter>Header Files</Filter>
    </ClInclude>
    <ClInclude Include="src\mnetwork\MN_Packet.h">
      <Filter>Header Files</Filter>
    </ClInclude>
    <ClInclude Include="src\mcommon2\MC_HybridArray.h">
      <Filter>Header Files</Filter>
    </ClInclude>
    <ClInclude Include="src\mmassgate\MMG_BlockTEA.h">
      <Filter>Header Files</Filter>
    </ClInclude>
    <ClInclude Include="src\mmassgate\MMG_CryptoHash.h">
      <Filter>Header Files</Filter>
    </ClInclude>
    <ClInclude Include="src\mmassgate\MMG_ICipher.h">
      <Filter>Header Files</Filter>
    </ClInclude>
    <ClInclude Include="src\ex_common\stdafx.h">
      <Filter>Header Files</Filter>
    </ClInclude>
    <ClInclude Include="src\ex_common\EX_OptionsModHandler.h">
      <Filter>Header Files</Filter>
    </ClInclude>
  </ItemGroup>
  <ItemGroup>
    <ClCompile Include="src\dllmain.cpp">
      <Filter>Source Files</Filter>
    </ClCompile>
    <ClCompile Include="src\stdafx.cpp">
      <Filter>Source Files</Filter>
    </ClCompile>
    <ClCompile Include="src\mcommon2\MF_File.cpp">
      <Filter>Source Files</Filter>
    </ClCompile>
    <ClCompile Include="src\mmassgate\MMG_AccountProtocol.cpp">
      <Filter>Source Files</Filter>
    </ClCompile>
    <ClCompile Include="src\mnetwork\MN_WriteMessage.cpp">
      <Filter>Source Files</Filter>
    </ClCompile>
    <ClCompile Include="src\mnetwork\MN_Format.cpp">
      <Filter>Source Files</Filter>
    </ClCompile>
    <ClCompile Include="src\mnetwork\MN_Message.cpp">
      <Filter>Source Files</Filter>
    </ClCompile>
    <ClCompile Include="src\mnetwork\MN_Packet.cpp">
      <Filter>Source Files</Filter>
    </ClCompile>
    <ClCompile Include="src\ex_common\EX_OptionsModHandler.cpp">
      <Filter>Source Files</Filter>
    </ClCompile>
  </ItemGroup>
</Project>