<?xml version="1.0" encoding="utf-8"?>
<Project ToolsVersion="4.0" xmlns="http://schemas.microsoft.com/developer/msbuild/2003">
  <ItemGroup>
    <Filter Include="Source Files">
      <UniqueIdentifier>{4FC737F1-C7A5-4376-A066-2A32D752A2FF}</UniqueIdentifier>
      <Extensions>cpp;c;cc;cxx;def;odl;idl;hpj;bat;asm;asmx</Extensions>
    </Filter>
    <Filter Include="Header Files">
      <UniqueIdentifier>{93995380-89BD-4b04-88EB-625FBE52EBFB}</UniqueIdentifier>
      <Extensions>h;hpp;hxx;hm;inl;inc;xsd</Extensions>
    </Filter>
    <Filter Include="Detours">
      <UniqueIdentifier>{09b7c50c-c71b-40e6-9be5-c975e4899091}</UniqueIdentifier>
    </Filter>
    <Filter Include="WIC">
      <UniqueIdentifier>{ac6535ee-23a6-461f-be2f-b825fcf91189}</UniqueIdentifier>
    </Filter>
    <Filter Include="WIC\MMassgate">
      <UniqueIdentifier>{70770514-56fa-49db-b641-bb7b7213facf}</UniqueIdentifier>
    </Filter>
    <Filter Include="WIC\EX_Remote">
      <UniqueIdentifier>{6f0d7c34-4e02-4a99-85ef-da9e98f0c087}</UniqueIdentifier>
    </Filter>
    <Filter Include="WIC\EX_Common">
      <UniqueIdentifier>{a2f05eb5-f68c-4da6-9f35-0f30912efdf7}</UniqueIdentifier>
    </Filter>
    <Filter Include="WIC\EX_CommanderAI">
      <UniqueIdentifier>{1d64dbbb-19c2-4045-8523-6e11ba8919f8}</UniqueIdentifier>
    </Filter>
    <Filter Include="Framework">
      <UniqueIdentifier>{14513892-7a3b-4e85-aca9-5fab007d77ad}</UniqueIdentifier>
    </Filter>
    <Filter Include="Framework\Ice">
      <UniqueIdentifier>{f9e5497a-29a5-4e08-b446-89f9a8dd34c5}</UniqueIdentifier>
    </Filter>
    <Filter Include="Framework\MCommon2">
      <UniqueIdentifier>{9ede7a72-30d2-4847-a54f-8b188dc5f20a}</UniqueIdentifier>
    </Filter>
  </ItemGroup>
  <ItemGroup>
    <ClInclude Include="d3dx9_33.h">
      <Filter>Header Files</Filter>
    </ClInclude>
    <ClInclude Include="detours\Detours.h">
      <Filter>Detours</Filter>
    </ClInclude>
    <ClInclude Include="src\stdafx.h">
      <Filter>Header Files</Filter>
    </ClInclude>
    <ClInclude Include="src\mmassgate\MMG_TrackableServer.h">
      <Filter>Header Files</Filter>
    </ClInclude>
    <ClInclude Include="src\mcommon2\MC_BitVector.h">
      <Filter>Header Files</Filter>
    </ClInclude>
    <ClInclude Include="src\mcommon2\MC_Debug.h">
      <Filter>Header Files</Filter>
    </ClInclude>
    <ClInclude Include="src\mcommon2\MC_GrowingArray.h">
      <Filter>Header Files</Filter>
    </ClInclude>
    <ClInclude Include="src\mcommon2\MC_Link.h">
      <Filter>Header Files</Filter>
    </ClInclude>
    <ClInclude Include="src\mcommon2\MC_List.h">
      <Filter>Header Files</Filter>
    </ClInclude>
    <ClInclude Include="src\mcommon2\MC_Matrix33.h">
      <Filter>Header Files</Filter>
    </ClInclude>
    <ClInclude Include="src\mcommon2\MC_Matrix44.h">
      <Filter>Header Files</Filter>
    </ClInclude>
    <ClInclude Include="src\mcommon2\MC_StaticString.h">
      <Filter>Header Files</Filter>
    </ClInclude>
    <ClInclude Include="src\mcommon2\MC_Str.h">
      <Filter>Header Files</Filter>
    </ClInclude>
    <ClInclude Include="src\mcommon2\MC_Vector2.h">
      <Filter>Header Files</Filter>
    </ClInclude>
    <ClInclude Include="src\mcommon2\MC_Vector3.h">
      <Filter>Header Files</Filter>
    </ClInclude>
    <ClInclude Include="src\mcommon2\MC_Vector4.h">
      <Filter>Header Files</Filter>
    </ClInclude>
    <ClInclude Include="src\mcommon2\MI_Time.h">
      <Filter>Header Files</Filter>
    </ClInclude>
    <ClInclude Include="src\ice\Ice.h">
      <Filter>Header Files</Filter>
    </ClInclude>
    <ClInclude Include="src\ice\IceLocDecoder.h">
      <Filter>Header Files</Filter>
    </ClInclude>
    <ClInclude Include="src\ex_common\EXCO_DamageModel.h">
      <Filter>Header Files</Filter>
    </ClInclude>
    <ClInclude Include="src\ex_common\EXCO_Difficulty.h">
      <Filter>Header Files</Filter>
    </ClInclude>
    <ClInclude Include="src\ex_common\EXCO_Direction.h">
      <Filter>Header Files</Filter>
    </ClInclude>
    <ClInclude Include="src\ex_common\EXCO_Directory.h">
      <Filter>Header Files</Filter>
    </ClInclude>
    <ClInclude Include="src\ex_common\EXCO_LOSSet.h">
      <Filter>Header Files</Filter>
    </ClInclude>
    <ClInclude Include="src\ex_common\EXCO_MissionMetaInfo.h">
      <Filter>Header Files</Filter>
    </ClInclude>
    <ClInclude Include="src\ex_common\EXCO_MissionSet.h">
      <Filter>Header Files</Filter>
    </ClInclude>
    <ClInclude Include="src\ex_common\EXCO_Persistent.h">
      <Filter>Header Files</Filter>
    </ClInclude>
    <ClInclude Include="src\ex_common\EXCO_PersistentMember.h">
      <Filter>Header Files</Filter>
    </ClInclude>
    <ClInclude Include="src\ex_common\EXCO_Slot.h">
      <Filter>Header Files</Filter>
    </ClInclude>
    <ClInclude Include="src\ex_common\EXCO_SlotManager.h">
      <Filter>Header Files</Filter>
    </ClInclude>
    <ClInclude Include="src\ex_common\EXCO_SoundSourceType.h">
      <Filter>Header Files</Filter>
    </ClInclude>
    <ClInclude Include="src\ex_common\EXCO_UnitType.h">
      <Filter>Header Files</Filter>
    </ClInclude>
    <ClInclude Include="src\ex_common\WICAI_Types.h">
      <Filter>Header Files</Filter>
    </ClInclude>
    <ClInclude Include="src\ex_common\WICO_BotOptions.h">
      <Filter>Header Files</Filter>
    </ClInclude>
    <ClInclude Include="src\ex_common\WICO_CollisionObject.h">
      <Filter>Header Files</Filter>
    </ClInclude>
    <ClInclude Include="src\ex_common\WICO_CollisionObject_Instance.h">
      <Filter>Header Files</Filter>
    </ClInclude>
    <ClInclude Include="src\ex_common\WICO_DebugRenderer.h">
      <Filter>Header Files</Filter>
    </ClInclude>
    <ClInclude Include="src\ex_common\WICO_GlobalUnitValues.h">
      <Filter>Header Files</Filter>
    </ClInclude>
    <ClInclude Include="src\ex_common\WICO_SplinePath.h">
      <Filter>Header Files</Filter>
    </ClInclude>
    <ClInclude Include="src\ex_common\WICO_Team.h">
      <Filter>Header Files</Filter>
    </ClInclude>
    <ClInclude Include="src\ex_commanderai\EX_CAI_BaseType.h">
      <Filter>Header Files</Filter>
    </ClInclude>
    <ClInclude Include="src\ex_commanderai\EX_CAI_BaseTypeContainer.h">
      <Filter>Header Files</Filter>
    </ClInclude>
    <ClInclude Include="src\ex_commanderai\EX_CAI_CommanderAI_Data.h">
      <Filter>Header Files</Filter>
    </ClInclude>
    <ClInclude Include="src\ex_commanderai\EX_CAI_GameWrapper.h">
      <Filter>Header Files</Filter>
    </ClInclude>
    <ClInclude Include="src\ex_commanderai\EX_CAI_Manager.h">
      <Filter>Header Files</Filter>
    </ClInclude>
    <ClInclude Include="src\ex_commanderai\EX_CAI_ShooterAbility.h">
      <Filter>Header Files</Filter>
    </ClInclude>
    <ClInclude Include="src\ex_commanderai\EX_CAI_SupportWeaponManager.h">
      <Filter>Header Files</Filter>
    </ClInclude>
    <ClInclude Include="src\ex_commanderai\EX_CAI_Troop_Request.h">
      <Filter>Header Files</Filter>
    </ClInclude>
    <ClInclude Include="src\ex_commanderai\EX_CAI_Type.h">
      <Filter>Header Files</Filter>
    </ClInclude>
    <ClInclude Include="src\ex_commanderai\EX_CAI_Vector3f.h">
      <Filter>Header Files</Filter>
    </ClInclude>
    <ClInclude Include="src\ex_remote\WICR_ClientFactory.h">
      <Filter>Header Files</Filter>
    </ClInclude>
    <ClInclude Include="src\ex_remote\WICR_GameController.h">
      <Filter>Header Files</Filter>
    </ClInclude>
    <ClInclude Include="src\ex_commanderai\stdafx.h">
      <Filter>Header Files</Filter>
    </ClInclude>
    <ClInclude Include="src\mcommon2\stdafx.h">
      <Filter>Header Files</Filter>
    </ClInclude>
    <ClInclude Include="src\ice\stdafx.h">
      <Filter>Header Files</Filter>
    </ClInclude>
    <ClInclude Include="src\ex_common\stdafx.h">
      <Filter>Header Files</Filter>
    </ClInclude>
    <ClInclude Include="src\mmassgate\stdafx.h">
      <Filter>Header Files</Filter>
    </ClInclude>
    <ClInclude Include="src\ex_remote\stdafx.h">
      <Filter>Header Files</Filter>
    </ClInclude>
    <ClInclude Include="src\mcommon2\MC_HybridArray.h">
      <Filter>Header Files</Filter>
    </ClInclude>
    <ClInclude Include="src\mcommon2\MC_Mem.h">
      <Filter>Header Files</Filter>
    </ClInclude>
    <ClInclude Include="src\Ptr.h">
      <Filter>Header Files</Filter>
    </ClInclude>
    <ClInclude Include="src\mmassgate\MMG_Protocols.h">
      <Filter>Header Files</Filter>
    </ClInclude>
  </ItemGroup>
  <ItemGroup>
    <ClCompile Include="d3dx9_33.cpp">
      <Filter>Source Files</Filter>
    </ClCompile>
    <ClCompile Include="src\dllmain.cpp">
      <Filter>Source Files</Filter>
    </ClCompile>
    <ClCompile Include="src\stdafx.cpp">
      <Filter>Source Files</Filter>
    </ClCompile>
    <ClCompile Include="src\mcommon2\MI_Time.cpp">
      <Filter>Source Files</Filter>
    </ClCompile>
    <ClCompile Include="src\mcommon2\MC_Mem.cpp">
      <Filter>Source Files</Filter>
    </ClCompile>
    <ClCompile Include="src\mmassgate\MMG_TrackableServer.cpp">
      <Filter>Source Files</Filter>
    </ClCompile>
    <ClCompile Include="src\ex_common\EXCO_Directory.cpp">
      <Filter>Source Files</Filter>
    </ClCompile>
    <ClCompile Include="src\mmassgate\MMG_Protocols.cpp">
      <Filter>Source Files</Filter>
    </ClCompile>
  </ItemGroup>
  <ItemGroup>
    <None Include="exports.def" />
  </ItemGroup>
</Project>